
Microsoft Visual Studio Solution File, Format Version 12.00
# Visual Studio Version 17
VisualStudioVersion = 17.10.35013.160
MinimumVisualStudioVersion = 10.0.40219.1
Project("{FAE04EC0-301F-11D3-BF4B-00C04F79EFBC}") = "Inheritence01", "Inheritence01\Inheritence01.csproj", "{4BBB8A61-1714-4E94-9B70-9F56300F55E2}"
EndProject
Global
	GlobalSection(SolutionConfigurationPlatforms) = preSolution
		Debug|Any CPU = Debug|Any CPU
		Release|Any CPU = Release|Any CPU
	EndGlobalSection
	GlobalSection(ProjectConfigurationPlatforms) = postSolution
		{4BBB8A61-1714-4E94-9B70-9F56300F55E2}.Debug|Any CPU.ActiveCfg = Debug|Any CPU
		{4BBB8A61-1714-4E94-9B70-9F56300F55E2}.Debug|Any CPU.Build.0 = Debug|Any CPU
		{4BBB8A61-1714-4E94-9B70-9F56300F55E2}.Release|Any CPU.ActiveCfg = Release|Any CPU
		{4BBB8A61-1714-4E94-9B70-9F56300F55E2}.Release|Any CPU.Build.0 = Release|Any CPU
	EndGlobalSection
	GlobalSection(SolutionProperties) = preSolution
		HideSolutionNode = FALSE
	EndGlobalSection
	GlobalSection(ExtensibilityGlobals) = postSolution
		SolutionGuid = {2E163997-67E4-41EC-B1D5-0C114B237501}
	EndGlobalSection
EndGlobal
